
Microsoft Visual Studio Solution File, Format Version 12.00
# Visual Studio Version 17
VisualStudioVersion = 17.6.33815.320
MinimumVisualStudioVersion = 10.0.40219.1
Project("{FAE04EC0-301F-11D3-BF4B-00C04F79EFBC}") = "ConfigExample", "ConfigExample.csproj", "{BE19E0BB-BB76-4C5C-9146-D832A9C0540C}"
EndProject
Global
	GlobalSection(SolutionConfigurationPlatforms) = preSolution
		Debug|Any CPU = Debug|Any CPU
		Release|Any CPU = Release|Any CPU
	EndGlobalSection
	GlobalSection(ProjectConfigurationPlatforms) = postSolution
		{BE19E0BB-BB76-4C5C-9146-D832A9C0540C}.Debug|Any CPU.ActiveCfg = Debug|Any CPU
		{BE19E0BB-BB76-4C5C-9146-D832A9C0540C}.Debug|Any CPU.Build.0 = Debug|Any CPU
		{BE19E0BB-BB76-4C5C-9146-D832A9C0540C}.Release|Any CPU.ActiveCfg = Release|Any CPU
		{BE19E0BB-BB76-4C5C-9146-D832A9C0540C}.Release|Any CPU.Build.0 = Release|Any CPU
	EndGlobalSection
	GlobalSection(SolutionProperties) = preSolution
		HideSolutionNode = FALSE
	EndGlobalSection
	GlobalSection(ExtensibilityGlobals) = postSolution
		SolutionGuid = {D3E2156E-32A8-4367-A6D9-240F7F7FE9E7}
	EndGlobalSection
EndGlobal
